// !$*UTF8*$!
{
	archiveVersion = 1;
	classes = {
	};
	objectVersion = 48;
	objects = {

/* Begin PBXBuildFile section */
		B23B9959205D58E600B0A50F /* VisualConstraints.framework in Frameworks */ = {isa = PBXBuildFile; fileRef = B23B994F205D58E600B0A50F /* VisualConstraints.framework */; };
		B23B995E205D58E600B0A50F /* VisualConstraintsTests.swift in Sources */ = {isa = PBXBuildFile; fileRef = B23B995D205D58E600B0A50F /* VisualConstraintsTests.swift */; };
		B23B9960205D58E600B0A50F /* VisualConstraints.h in Headers */ = {isa = PBXBuildFile; fileRef = B23B9952205D58E600B0A50F /* VisualConstraints.h */; settings = {ATTRIBUTES = (Public, ); }; };
		B23B996E205D5A4E00B0A50F /* ConstraintParameters.swift in Sources */ = {isa = PBXBuildFile; fileRef = B23B9969205D5A4E00B0A50F /* ConstraintParameters.swift */; };
		B23B9970205D5A4E00B0A50F /* OperatorDefinitions.swift in Sources */ = {isa = PBXBuildFile; fileRef = B23B996B205D5A4E00B0A50F /* OperatorDefinitions.swift */; };
		B23B9971205D5A4E00B0A50F /* OperatorImplementations.swift in Sources */ = {isa = PBXBuildFile; fileRef = B23B996C205D5A4E00B0A50F /* OperatorImplementations.swift */; };
		B23B9972205D5A4E00B0A50F /* BuildPoints.swift in Sources */ = {isa = PBXBuildFile; fileRef = B23B996D205D5A4E00B0A50F /* BuildPoints.swift */; };
		B25B758A206170AA007473F3 /* BuildPointConvertible.swift in Sources */ = {isa = PBXBuildFile; fileRef = B25B7589206170AA007473F3 /* BuildPointConvertible.swift */; };
		B25B758E20617349007473F3 /* UIView+Size.swift in Sources */ = {isa = PBXBuildFile; fileRef = B25B758D20617349007473F3 /* UIView+Size.swift */; };
		B25B7590206173A2007473F3 /* BuildPointsToConstraintsConversion.swift in Sources */ = {isa = PBXBuildFile; fileRef = B25B758F206173A2007473F3 /* BuildPointsToConstraintsConversion.swift */; };
/* End PBXBuildFile section */

/* Begin PBXContainerItemProxy section */
		B23B995A205D58E600B0A50F /* PBXContainerItemProxy */ = {
			isa = PBXContainerItemProxy;
			containerPortal = B23B9946205D58E600B0A50F /* Project object */;
			proxyType = 1;
			remoteGlobalIDString = B23B994E205D58E600B0A50F;
			remoteInfo = VisualConstraints;
		};
/* End PBXContainerItemProxy section */

/* Begin PBXFileReference section */
		B23B994F205D58E600B0A50F /* VisualConstraints.framework */ = {isa = PBXFileReference; explicitFileType = wrapper.framework; includeInIndex = 0; path = VisualConstraints.framework; sourceTree = BUILT_PRODUCTS_DIR; };
		B23B9952205D58E600B0A50F /* VisualConstraints.h */ = {isa = PBXFileReference; lastKnownFileType = sourcecode.c.h; path = VisualConstraints.h; sourceTree = "<group>"; };
		B23B9953205D58E600B0A50F /* Info.plist */ = {isa = PBXFileReference; lastKnownFileType = text.plist.xml; path = Info.plist; sourceTree = "<group>"; };
		B23B9958205D58E600B0A50F /* VisualConstraintsTests.xctest */ = {isa = PBXFileReference; explicitFileType = wrapper.cfbundle; includeInIndex = 0; path = VisualConstraintsTests.xctest; sourceTree = BUILT_PRODUCTS_DIR; };
		B23B995D205D58E600B0A50F /* VisualConstraintsTests.swift */ = {isa = PBXFileReference; lastKnownFileType = sourcecode.swift; path = VisualConstraintsTests.swift; sourceTree = "<group>"; };
		B23B995F205D58E600B0A50F /* Info.plist */ = {isa = PBXFileReference; lastKnownFileType = text.plist.xml; path = Info.plist; sourceTree = "<group>"; };
		B23B9969205D5A4E00B0A50F /* ConstraintParameters.swift */ = {isa = PBXFileReference; fileEncoding = 4; lastKnownFileType = sourcecode.swift; path = ConstraintParameters.swift; sourceTree = "<group>"; };
		B23B996B205D5A4E00B0A50F /* OperatorDefinitions.swift */ = {isa = PBXFileReference; fileEncoding = 4; lastKnownFileType = sourcecode.swift; path = OperatorDefinitions.swift; sourceTree = "<group>"; };
		B23B996C205D5A4E00B0A50F /* OperatorImplementations.swift */ = {isa = PBXFileReference; fileEncoding = 4; lastKnownFileType = sourcecode.swift; path = OperatorImplementations.swift; sourceTree = "<group>"; };
		B23B996D205D5A4E00B0A50F /* BuildPoints.swift */ = {isa = PBXFileReference; fileEncoding = 4; lastKnownFileType = sourcecode.swift; path = BuildPoints.swift; sourceTree = "<group>"; };
		B25B7589206170AA007473F3 /* BuildPointConvertible.swift */ = {isa = PBXFileReference; lastKnownFileType = sourcecode.swift; path = BuildPointConvertible.swift; sourceTree = "<group>"; };
		B25B758D20617349007473F3 /* UIView+Size.swift */ = {isa = PBXFileReference; lastKnownFileType = sourcecode.swift; path = "UIView+Size.swift"; sourceTree = "<group>"; };
		B25B758F206173A2007473F3 /* BuildPointsToConstraintsConversion.swift */ = {isa = PBXFileReference; lastKnownFileType = sourcecode.swift; path = BuildPointsToConstraintsConversion.swift; sourceTree = "<group>"; };
/* End PBXFileReference section */

/* Begin PBXFrameworksBuildPhase section */
		B23B994B205D58E600B0A50F /* Frameworks */ = {
			isa = PBXFrameworksBuildPhase;
			buildActionMask = 2147483647;
			files = (
			);
			runOnlyForDeploymentPostprocessing = 0;
		};
		B23B9955205D58E600B0A50F /* Frameworks */ = {
			isa = PBXFrameworksBuildPhase;
			buildActionMask = 2147483647;
			files = (
				B23B9959205D58E600B0A50F /* VisualConstraints.framework in Frameworks */,
			);
			runOnlyForDeploymentPostprocessing = 0;
		};
/* End PBXFrameworksBuildPhase section */

/* Begin PBXGroup section */
		B23B9945205D58E600B0A50F = {
			isa = PBXGroup;
			children = (
				B23B9951205D58E600B0A50F /* VisualConstraints */,
				B23B995C205D58E600B0A50F /* VisualConstraintsTests */,
				B23B9950205D58E600B0A50F /* Products */,
			);
			sourceTree = "<group>";
		};
		B23B9950205D58E600B0A50F /* Products */ = {
			isa = PBXGroup;
			children = (
				B23B994F205D58E600B0A50F /* VisualConstraints.framework */,
				B23B9958205D58E600B0A50F /* VisualConstraintsTests.xctest */,
			);
			name = Products;
			sourceTree = "<group>";
		};
		B23B9951205D58E600B0A50F /* VisualConstraints */ = {
			isa = PBXGroup;
			children = (
				B23B9952205D58E600B0A50F /* VisualConstraints.h */,
				B23B9953205D58E600B0A50F /* Info.plist */,
				B23B996D205D5A4E00B0A50F /* BuildPoints.swift */,
				B23B9969205D5A4E00B0A50F /* ConstraintParameters.swift */,
				B23B996B205D5A4E00B0A50F /* OperatorDefinitions.swift */,
				B23B996C205D5A4E00B0A50F /* OperatorImplementations.swift */,
				B25B7589206170AA007473F3 /* BuildPointConvertible.swift */,
				B25B758D20617349007473F3 /* UIView+Size.swift */,
				B25B758F206173A2007473F3 /* BuildPointsToConstraintsConversion.swift */,
			);
			path = VisualConstraints;
			sourceTree = "<group>";
		};
		B23B995C205D58E600B0A50F /* VisualConstraintsTests */ = {
			isa = PBXGroup;
			children = (
				B23B995D205D58E600B0A50F /* VisualConstraintsTests.swift */,
				B23B995F205D58E600B0A50F /* Info.plist */,
			);
			path = VisualConstraintsTests;
			sourceTree = "<group>";
		};
/* End PBXGroup section */

/* Begin PBXHeadersBuildPhase section */
		B23B994C205D58E600B0A50F /* Headers */ = {
			isa = PBXHeadersBuildPhase;
			buildActionMask = 2147483647;
			files = (
				B23B9960205D58E600B0A50F /* VisualConstraints.h in Headers */,
			);
			runOnlyForDeploymentPostprocessing = 0;
		};
/* End PBXHeadersBuildPhase section */

/* Begin PBXNativeTarget section */
		B23B994E205D58E600B0A50F /* VisualConstraints */ = {
			isa = PBXNativeTarget;
			buildConfigurationList = B23B9963205D58E600B0A50F /* Build configuration list for PBXNativeTarget "VisualConstraints" */;
			buildPhases = (
				B23B994A205D58E600B0A50F /* Sources */,
				B23B994B205D58E600B0A50F /* Frameworks */,
				B23B994C205D58E600B0A50F /* Headers */,
				B23B994D205D58E600B0A50F /* Resources */,
			);
			buildRules = (
			);
			dependencies = (
			);
			name = VisualConstraints;
			productName = VisualConstraints;
			productReference = B23B994F205D58E600B0A50F /* VisualConstraints.framework */;
			productType = "com.apple.product-type.framework";
		};
		B23B9957205D58E600B0A50F /* VisualConstraintsTests */ = {
			isa = PBXNativeTarget;
			buildConfigurationList = B23B9966205D58E600B0A50F /* Build configuration list for PBXNativeTarget "VisualConstraintsTests" */;
			buildPhases = (
				B23B9954205D58E600B0A50F /* Sources */,
				B23B9955205D58E600B0A50F /* Frameworks */,
				B23B9956205D58E600B0A50F /* Resources */,
			);
			buildRules = (
			);
			dependencies = (
				B23B995B205D58E600B0A50F /* PBXTargetDependency */,
			);
			name = VisualConstraintsTests;
			productName = VisualConstraintsTests;
			productReference = B23B9958205D58E600B0A50F /* VisualConstraintsTests.xctest */;
			productType = "com.apple.product-type.bundle.unit-test";
		};
/* End PBXNativeTarget section */

/* Begin PBXProject section */
		B23B9946205D58E600B0A50F /* Project object */ = {
			isa = PBXProject;
			attributes = {
				LastSwiftUpdateCheck = 0920;
				LastUpgradeCheck = 0920;
				ORGANIZATIONNAME = AppUnite;
				TargetAttributes = {
					B23B994E205D58E600B0A50F = {
						CreatedOnToolsVersion = 9.2;
						LastSwiftMigration = 0920;
						ProvisioningStyle = Automatic;
					};
					B23B9957205D58E600B0A50F = {
						CreatedOnToolsVersion = 9.2;
						ProvisioningStyle = Automatic;
					};
				};
			};
			buildConfigurationList = B23B9949205D58E600B0A50F /* Build configuration list for PBXProject "VisualConstraints" */;
			compatibilityVersion = "Xcode 8.0";
			developmentRegion = en;
			hasScannedForEncodings = 0;
			knownRegions = (
				en,
			);
			mainGroup = B23B9945205D58E600B0A50F;
			productRefGroup = B23B9950205D58E600B0A50F /* Products */;
			projectDirPath = "";
			projectRoot = "";
			targets = (
				B23B994E205D58E600B0A50F /* VisualConstraints */,
				B23B9957205D58E600B0A50F /* VisualConstraintsTests */,
			);
		};
/* End PBXProject section */

/* Begin PBXResourcesBuildPhase section */
		B23B994D205D58E600B0A50F /* Resources */ = {
			isa = PBXResourcesBuildPhase;
			buildActionMask = 2147483647;
			files = (
			);
			runOnlyForDeploymentPostprocessing = 0;
		};
		B23B9956205D58E600B0A50F /* Resources */ = {
			isa = PBXResourcesBuildPhase;
			buildActionMask = 2147483647;
			files = (
			);
			runOnlyForDeploymentPostprocessing = 0;
		};
/* End PBXResourcesBuildPhase section */

/* Begin PBXSourcesBuildPhase section */
		B23B994A205D58E600B0A50F /* Sources */ = {
			isa = PBXSourcesBuildPhase;
			buildActionMask = 2147483647;
			files = (
				B23B9970205D5A4E00B0A50F /* OperatorDefinitions.swift in Sources */,
				B23B9972205D5A4E00B0A50F /* BuildPoints.swift in Sources */,
				B23B9971205D5A4E00B0A50F /* OperatorImplementations.swift in Sources */,
				B25B758E20617349007473F3 /* UIView+Size.swift in Sources */,
				B25B7590206173A2007473F3 /* BuildPointsToConstraintsConversion.swift in Sources */,
				B25B758A206170AA007473F3 /* BuildPointConvertible.swift in Sources */,
				B23B996E205D5A4E00B0A50F /* ConstraintParameters.swift in Sources */,
			);
			runOnlyForDeploymentPostprocessing = 0;
		};
		B23B9954205D58E600B0A50F /* Sources */ = {
			isa = PBXSourcesBuildPhase;
			buildActionMask = 2147483647;
			files = (
				B23B995E205D58E600B0A50F /* VisualConstraintsTests.swift in Sources */,
			);
			runOnlyForDeploymentPostprocessing = 0;
		};
/* End PBXSourcesBuildPhase section */

/* Begin PBXTargetDependency section */
		B23B995B205D58E600B0A50F /* PBXTargetDependency */ = {
			isa = PBXTargetDependency;
			target = B23B994E205D58E600B0A50F /* VisualConstraints */;
			targetProxy = B23B995A205D58E600B0A50F /* PBXContainerItemProxy */;
		};
/* End PBXTargetDependency section */

/* Begin XCBuildConfiguration section */
		B23B9961205D58E600B0A50F /* Debug */ = {
			isa = XCBuildConfiguration;
			buildSettings = {
				ALWAYS_SEARCH_USER_PATHS = NO;
				CLANG_ANALYZER_NONNULL = YES;
				CLANG_ANALYZER_NUMBER_OBJECT_CONVERSION = YES_AGGRESSIVE;
				CLANG_CXX_LANGUAGE_STANDARD = "gnu++14";
				CLANG_CXX_LIBRARY = "libc++";
				CLANG_ENABLE_MODULES = YES;
				CLANG_ENABLE_OBJC_ARC = YES;
				CLANG_WARN_BLOCK_CAPTURE_AUTORELEASING = YES;
				CLANG_WARN_BOOL_CONVERSION = YES;
				CLANG_WARN_COMMA = YES;
				CLANG_WARN_CONSTANT_CONVERSION = YES;
				CLANG_WARN_DIRECT_OBJC_ISA_USAGE = YES_ERROR;
				CLANG_WARN_DOCUMENTATION_COMMENTS = YES;
				CLANG_WARN_EMPTY_BODY = YES;
				CLANG_WARN_ENUM_CONVERSION = YES;
				CLANG_WARN_INFINITE_RECURSION = YES;
				CLANG_WARN_INT_CONVERSION = YES;
				CLANG_WARN_NON_LITERAL_NULL_CONVERSION = YES;
				CLANG_WARN_OBJC_LITERAL_CONVERSION = YES;
				CLANG_WARN_OBJC_ROOT_CLASS = YES_ERROR;
				CLANG_WARN_RANGE_LOOP_ANALYSIS = YES;
				CLANG_WARN_STRICT_PROTOTYPES = YES;
				CLANG_WARN_SUSPICIOUS_MOVE = YES;
				CLANG_WARN_UNGUARDED_AVAILABILITY = YES_AGGRESSIVE;
				CLANG_WARN_UNREACHABLE_CODE = YES;
				CLANG_WARN__DUPLICATE_METHOD_MATCH = YES;
				CODE_SIGN_IDENTITY = "iPhone Developer";
				COPY_PHASE_STRIP = NO;
				CURRENT_PROJECT_VERSION = 1;
				DEBUG_INFORMATION_FORMAT = dwarf;
				ENABLE_STRICT_OBJC_MSGSEND = YES;
				ENABLE_TESTABILITY = YES;
				GCC_C_LANGUAGE_STANDARD = gnu11;
				GCC_DYNAMIC_NO_PIC = NO;
				GCC_NO_COMMON_BLOCKS = YES;
				GCC_OPTIMIZATION_LEVEL = 0;
				GCC_PREPROCESSOR_DEFINITIONS = (
					"DEBUG=1",
					"$(inherited)",
				);
				GCC_WARN_64_TO_32_BIT_CONVERSION = YES;
				GCC_WARN_ABOUT_RETURN_TYPE = YES_ERROR;
				GCC_WARN_UNDECLARED_SELECTOR = YES;
				GCC_WARN_UNINITIALIZED_AUTOS = YES_AGGRESSIVE;
				GCC_WARN_UNUSED_FUNCTION = YES;
				GCC_WARN_UNUSED_VARIABLE = YES;
				IPHONEOS_DEPLOYMENT_TARGET = 11.2;
				MTL_ENABLE_DEBUG_INFO = YES;
				ONLY_ACTIVE_ARCH = YES;
				SDKROOT = iphoneos;
				SWIFT_ACTIVE_COMPILATION_CONDITIONS = DEBUG;
				SWIFT_OPTIMIZATION_LEVEL = "-Onone";
				VERSIONING_SYSTEM = "apple-generic";
				VERSION_INFO_PREFIX = "";
			};
			name = Debug;
		};
		B23B9962205D58E600B0A50F /* Release */ = {
			isa = XCBuildConfiguration;
			buildSettings = {
				ALWAYS_SEARCH_USER_PATHS = NO;
				CLANG_ANALYZER_NONNULL = YES;
				CLANG_ANALYZER_NUMBER_OBJECT_CONVERSION = YES_AGGRESSIVE;
				CLANG_CXX_LANGUAGE_STANDARD = "gnu++14";
				CLANG_CXX_LIBRARY = "libc++";
				CLANG_ENABLE_MODULES = YES;
				CLANG_ENABLE_OBJC_ARC = YES;
				CLANG_WARN_BLOCK_CAPTURE_AUTORELEASING = YES;
				CLANG_WARN_BOOL_CONVERSION = YES;
				CLANG_WARN_COMMA = YES;
				CLANG_WARN_CONSTANT_CONVERSION = YES;
				CLANG_WARN_DIRECT_OBJC_ISA_USAGE = YES_ERROR;
				CLANG_WARN_DOCUMENTATION_COMMENTS = YES;
				CLANG_WARN_EMPTY_BODY = YES;
				CLANG_WARN_ENUM_CONVERSION = YES;
				CLANG_WARN_INFINITE_RECURSION = YES;
				CLANG_WARN_INT_CONVERSION = YES;
				CLANG_WARN_NON_LITERAL_NULL_CONVERSION = YES;
				CLANG_WARN_OBJC_LITERAL_CONVERSION = YES;
				CLANG_WARN_OBJC_ROOT_CLASS = YES_ERROR;
				CLANG_WARN_RANGE_LOOP_ANALYSIS = YES;
				CLANG_WARN_STRICT_PROTOTYPES = YES;
				CLANG_WARN_SUSPICIOUS_MOVE = YES;
				CLANG_WARN_UNGUARDED_AVAILABILITY = YES_AGGRESSIVE;
				CLANG_WARN_UNREACHABLE_CODE = YES;
				CLANG_WARN__DUPLICATE_METHOD_MATCH = YES;
				CODE_SIGN_IDENTITY = "iPhone Developer";
				COPY_PHASE_STRIP = NO;
				CURRENT_PROJECT_VERSION = 1;
				DEBUG_INFORMATION_FORMAT = "dwarf-with-dsym";
				ENABLE_NS_ASSERTIONS = NO;
				ENABLE_STRICT_OBJC_MSGSEND = YES;
				GCC_C_LANGUAGE_STANDARD = gnu11;
				GCC_NO_COMMON_BLOCKS = YES;
				GCC_WARN_64_TO_32_BIT_CONVERSION = YES;
				GCC_WARN_ABOUT_RETURN_TYPE = YES_ERROR;
				GCC_WARN_UNDECLARED_SELECTOR = YES;
				GCC_WARN_UNINITIALIZED_AUTOS = YES_AGGRESSIVE;
				GCC_WARN_UNUSED_FUNCTION = YES;
				GCC_WARN_UNUSED_VARIABLE = YES;
				IPHONEOS_DEPLOYMENT_TARGET = 11.2;
				MTL_ENABLE_DEBUG_INFO = NO;
				SDKROOT = iphoneos;
				SWIFT_OPTIMIZATION_LEVEL = "-Owholemodule";
				VALIDATE_PRODUCT = YES;
				VERSIONING_SYSTEM = "apple-generic";
				VERSION_INFO_PREFIX = "";
			};
			name = Release;
		};
		B23B9964205D58E600B0A50F /* Debug */ = {
			isa = XCBuildConfiguration;
			buildSettings = {
				CLANG_ENABLE_MODULES = YES;
				CODE_SIGN_IDENTITY = "";
				CODE_SIGN_STYLE = Automatic;
				DEFINES_MODULE = YES;
				DEVELOPMENT_TEAM = E6WRHQXQE9;
				DYLIB_COMPATIBILITY_VERSION = 1;
				DYLIB_CURRENT_VERSION = 1;
				DYLIB_INSTALL_NAME_BASE = "@rpath";
				INFOPLIST_FILE = VisualConstraints/Info.plist;
				INSTALL_PATH = "$(LOCAL_LIBRARY_DIR)/Frameworks";
				IPHONEOS_DEPLOYMENT_TARGET = 9.0;
				LD_RUNPATH_SEARCH_PATHS = "$(inherited) @executable_path/Frameworks @loader_path/Frameworks";
				PRODUCT_BUNDLE_IDENTIFIER = com.appunite.VisualConstraints;
				PRODUCT_NAME = "$(TARGET_NAME:c99extidentifier)";
				SKIP_INSTALL = YES;
				SWIFT_OPTIMIZATION_LEVEL = "-Onone";
				SWIFT_VERSION = 4.0;
				TARGETED_DEVICE_FAMILY = "1,2";
			};
			name = Debug;
		};
		B23B9965205D58E600B0A50F /* Release */ = {
			isa = XCBuildConfiguration;
			buildSettings = {
				CLANG_ENABLE_MODULES = YES;
				CODE_SIGN_IDENTITY = "";
				CODE_SIGN_STYLE = Automatic;
				DEFINES_MODULE = YES;
				DEVELOPMENT_TEAM = E6WRHQXQE9;
				DYLIB_COMPATIBILITY_VERSION = 1;
				DYLIB_CURRENT_VERSION = 1;
				DYLIB_INSTALL_NAME_BASE = "@rpath";
				INFOPLIST_FILE = VisualConstraints/Info.plist;
				INSTALL_PATH = "$(LOCAL_LIBRARY_DIR)/Frameworks";
				IPHONEOS_DEPLOYMENT_TARGET = 9.0;
				LD_RUNPATH_SEARCH_PATHS = "$(inherited) @executable_path/Frameworks @loader_path/Frameworks";
				PRODUCT_BUNDLE_IDENTIFIER = com.appunite.VisualConstraints;
				PRODUCT_NAME = "$(TARGET_NAME:c99extidentifier)";
				SKIP_INSTALL = YES;
				SWIFT_VERSION = 4.0;
				TARGETED_DEVICE_FAMILY = "1,2";
			};
			name = Release;
		};
		B23B9967205D58E600B0A50F /* Debug */ = {
			isa = XCBuildConfiguration;
			buildSettings = {
				ALWAYS_EMBED_SWIFT_STANDARD_LIBRARIES = YES;
				CODE_SIGN_STYLE = Automatic;
				DEVELOPMENT_TEAM = E6WRHQXQE9;
				INFOPLIST_FILE = VisualConstraintsTests/Info.plist;
				LD_RUNPATH_SEARCH_PATHS = "$(inherited) @executable_path/Frameworks @loader_path/Frameworks";
				PRODUCT_BUNDLE_IDENTIFIER = com.appunite.VisualConstraintsTests;
				PRODUCT_NAME = "$(TARGET_NAME)";
				SWIFT_VERSION = 4.0;
				TARGETED_DEVICE_FAMILY = "1,2";
			};
			name = Debug;
		};
		B23B9968205D58E600B0A50F /* Release */ = {
			isa = XCBuildConfiguration;
			buildSettings = {
				ALWAYS_EMBED_SWIFT_STANDARD_LIBRARIES = YES;
				CODE_SIGN_STYLE = Automatic;
				DEVELOPMENT_TEAM = E6WRHQXQE9;
				INFOPLIST_FILE = VisualConstraintsTests/Info.plist;
				LD_RUNPATH_SEARCH_PATHS = "$(inherited) @executable_path/Frameworks @loader_path/Frameworks";
				PRODUCT_BUNDLE_IDENTIFIER = com.appunite.VisualConstraintsTests;
				PRODUCT_NAME = "$(TARGET_NAME)";
				SWIFT_VERSION = 4.0;
				TARGETED_DEVICE_FAMILY = "1,2";
			};
			name = Release;
		};
/* End XCBuildConfiguration section */

/* Begin XCConfigurationList section */
		B23B9949205D58E600B0A50F /* Build configuration list for PBXProject "VisualConstraints" */ = {
			isa = XCConfigurationList;
			buildConfigurations = (
				B23B9961205D58E600B0A50F /* Debug */,
				B23B9962205D58E600B0A50F /* Release */,
			);
			defaultConfigurationIsVisible = 0;
			defaultConfigurationName = Release;
		};
		B23B9963205D58E600B0A50F /* Build configuration list for PBXNativeTarget "VisualConstraints" */ = {
			isa = XCConfigurationList;
			buildConfigurations = (
				B23B9964205D58E600B0A50F /* Debug */,
				B23B9965205D58E600B0A50F /* Release */,
			);
			defaultConfigurationIsVisible = 0;
			defaultConfigurationName = Release;
		};
		B23B9966205D58E600B0A50F /* Build configuration list for PBXNativeTarget "VisualConstraintsTests" */ = {
			isa = XCConfigurationList;
			buildConfigurations = (
				B23B9967205D58E600B0A50F /* Debug */,
				B23B9968205D58E600B0A50F /* Release */,
			);
			defaultConfigurationIsVisible = 0;
			defaultConfigurationName = Release;
		};
/* End XCConfigurationList section */
	};
	rootObject = B23B9946205D58E600B0A50F /* Project object */;
}
